
Microsoft Visual Studio Solution File, Format Version 12.00
# Visual Studio Version 17
VisualStudioVersion = 17.0.31903.59
MinimumVisualStudioVersion = 10.0.40219.1
Project("{2150E333-8FDC-42A3-9474-1A3956D46DE8}") = "src", "src", "{827E0CD3-B72D-47B6-A68D-7590B98EB39B}"
EndProject
Project("{2150E333-8FDC-42A3-9474-1A3956D46DE8}") = "services", "services", "{984BB9B3-3FA3-BE33-9484-CAC21695A33C}"
EndProject
Project("{2150E333-8FDC-42A3-9474-1A3956D46DE8}") = "HotelService", "HotelService", "{02EA681E-C7D8-13C7-8484-4AC65E1B71E8}"
EndProject
Project("{FAE04EC0-301F-11D3-BF4B-00C04F79EFBC}") = "Hotel.Domain", "src\services\HotelService\Hotel.Domain\Hotel.Domain.csproj", "{11B987C2-AFAA-4760-B518-02E1693D3FD6}"
EndProject
Project("{FAE04EC0-301F-11D3-BF4B-00C04F79EFBC}") = "Hotel.Infrastructure", "src\services\HotelService\Hotel.Infrastructure\Hotel.Infrastructure.csproj", "{4258857E-0824-4321-A09D-72A7C9C6170C}"
EndProject
Project("{FAE04EC0-301F-11D3-BF4B-00C04F79EFBC}") = "Hotel.API", "src\services\HotelService\Hotel.API\Hotel.API.csproj", "{50DCF787-70AC-4515-AE8A-04242876AE34}"
EndProject
Project("{FAE04EC0-301F-11D3-BF4B-00C04F79EFBC}") = "Hotel.Application", "src\services\HotelService\Hotel.Application\Hotel.Application.csproj", "{B1832F3B-B980-420D-967E-F4383E047F48}"
EndProject
Project("{FAE04EC0-301F-11D3-BF4B-00C04F79EFBC}") = "SharedService", "src\services\SharedService\SharedService.csproj", "{FC6C9534-B8E4-43A8-AAD5-D2F2A787C6F4}"
EndProject
Project("{FAE04EC0-301F-11D3-BF4B-00C04F79EFBC}") = "IdentityService", "src\services\IdentityService\IdentityService.csproj", "{FF611DB1-B433-4F7C-A65D-92A5DAA1FC6D}"
EndProject
Project("{2150E333-8FDC-42A3-9474-1A3956D46DE8}") = "BusService", "BusService", "{906E00A1-DDF2-2370-CD53-C1A5D13FAEB1}"
EndProject
Project("{FAE04EC0-301F-11D3-BF4B-00C04F79EFBC}") = "Bus.Domain", "src\services\BusService\Bus.Domain\Bus.Domain.csproj", "{0344D44F-9786-4228-BB23-76B983667BC3}"
EndProject
Project("{FAE04EC0-301F-11D3-BF4B-00C04F79EFBC}") = "Bus.Infrastructure", "src\services\BusService\Bus.Infrastructure\Bus.Infrastructure.csproj", "{68C07918-F5A7-416A-826D-8D4EDC8CEA11}"
EndProject
Project("{FAE04EC0-301F-11D3-BF4B-00C04F79EFBC}") = "Bus.Application", "src\services\BusService\Bus.Application\Bus.Application.csproj", "{5DE87284-BE55-4277-A018-CB24316D8E82}"
EndProject
Project("{FAE04EC0-301F-11D3-BF4B-00C04F79EFBC}") = "Bus.API", "src\services\BusService\Bus.API\Bus.API.csproj", "{C8797F4D-6977-4D4C-9412-32C30337C13C}"
EndProject
Project("{2150E333-8FDC-42A3-9474-1A3956D46DE8}") = "PlaneService", "PlaneService", "{512EC3C5-82AC-CC8D-998D-44C5F87FFE53}"
EndProject
Project("{FAE04EC0-301F-11D3-BF4B-00C04F79EFBC}") = "Plane.Domain", "src\services\PlaneService\Plane.Domain\Plane.Domain.csproj", "{659DA538-837E-4BAF-97E5-445ECD90005A}"
EndProject
Project("{FAE04EC0-301F-11D3-BF4B-00C04F79EFBC}") = "Plane.Infrastructure", "src\services\PlaneService\Plane.Infrastructure\Plane.Infrastructure.csproj", "{FAFA272F-B40F-4D58-B748-E3F493A8965F}"
EndProject
Project("{FAE04EC0-301F-11D3-BF4B-00C04F79EFBC}") = "Plane.Applicaton", "src\services\PlaneService\Plane.Applicaton\Plane.Applicaton.csproj", "{440B2D17-BA17-4FDF-8A6B-55452AFC1B04}"
EndProject
Project("{FAE04EC0-301F-11D3-BF4B-00C04F79EFBC}") = "Plane.API", "src\services\PlaneService\Plane.API\Plane.API.csproj", "{DBD975EE-0634-4ABF-A547-FB5C8D5DFFCC}"
EndProject
Global
	GlobalSection(SolutionConfigurationPlatforms) = preSolution
		Debug|Any CPU = Debug|Any CPU
		Debug|x64 = Debug|x64
		Debug|x86 = Debug|x86
		Release|Any CPU = Release|Any CPU
		Release|x64 = Release|x64
		Release|x86 = Release|x86
	EndGlobalSection
	GlobalSection(ProjectConfigurationPlatforms) = postSolution
		{11B987C2-AFAA-4760-B518-02E1693D3FD6}.Debug|Any CPU.ActiveCfg = Debug|Any CPU
		{11B987C2-AFAA-4760-B518-02E1693D3FD6}.Debug|Any CPU.Build.0 = Debug|Any CPU
		{11B987C2-AFAA-4760-B518-02E1693D3FD6}.Debug|x64.ActiveCfg = Debug|Any CPU
		{11B987C2-AFAA-4760-B518-02E1693D3FD6}.Debug|x64.Build.0 = Debug|Any CPU
		{11B987C2-AFAA-4760-B518-02E1693D3FD6}.Debug|x86.ActiveCfg = Debug|Any CPU
		{11B987C2-AFAA-4760-B518-02E1693D3FD6}.Debug|x86.Build.0 = Debug|Any CPU
		{11B987C2-AFAA-4760-B518-02E1693D3FD6}.Release|Any CPU.ActiveCfg = Release|Any CPU
		{11B987C2-AFAA-4760-B518-02E1693D3FD6}.Release|Any CPU.Build.0 = Release|Any CPU
		{11B987C2-AFAA-4760-B518-02E1693D3FD6}.Release|x64.ActiveCfg = Release|Any CPU
		{11B987C2-AFAA-4760-B518-02E1693D3FD6}.Release|x64.Build.0 = Release|Any CPU
		{11B987C2-AFAA-4760-B518-02E1693D3FD6}.Release|x86.ActiveCfg = Release|Any CPU
		{11B987C2-AFAA-4760-B518-02E1693D3FD6}.Release|x86.Build.0 = Release|Any CPU
		{4258857E-0824-4321-A09D-72A7C9C6170C}.Debug|Any CPU.ActiveCfg = Debug|Any CPU
		{4258857E-0824-4321-A09D-72A7C9C6170C}.Debug|Any CPU.Build.0 = Debug|Any CPU
		{4258857E-0824-4321-A09D-72A7C9C6170C}.Debug|x64.ActiveCfg = Debug|Any CPU
		{4258857E-0824-4321-A09D-72A7C9C6170C}.Debug|x64.Build.0 = Debug|Any CPU
		{4258857E-0824-4321-A09D-72A7C9C6170C}.Debug|x86.ActiveCfg = Debug|Any CPU
		{4258857E-0824-4321-A09D-72A7C9C6170C}.Debug|x86.Build.0 = Debug|Any CPU
		{4258857E-0824-4321-A09D-72A7C9C6170C}.Release|Any CPU.ActiveCfg = Release|Any CPU
		{4258857E-0824-4321-A09D-72A7C9C6170C}.Release|Any CPU.Build.0 = Release|Any CPU
		{4258857E-0824-4321-A09D-72A7C9C6170C}.Release|x64.ActiveCfg = Release|Any CPU
		{4258857E-0824-4321-A09D-72A7C9C6170C}.Release|x64.Build.0 = Release|Any CPU
		{4258857E-0824-4321-A09D-72A7C9C6170C}.Release|x86.ActiveCfg = Release|Any CPU
		{4258857E-0824-4321-A09D-72A7C9C6170C}.Release|x86.Build.0 = Release|Any CPU
		{50DCF787-70AC-4515-AE8A-04242876AE34}.Debug|Any CPU.ActiveCfg = Debug|Any CPU
		{50DCF787-70AC-4515-AE8A-04242876AE34}.Debug|Any CPU.Build.0 = Debug|Any CPU
		{50DCF787-70AC-4515-AE8A-04242876AE34}.Debug|x64.ActiveCfg = Debug|Any CPU
		{50DCF787-70AC-4515-AE8A-04242876AE34}.Debug|x64.Build.0 = Debug|Any CPU
		{50DCF787-70AC-4515-AE8A-04242876AE34}.Debug|x86.ActiveCfg = Debug|Any CPU
		{50DCF787-70AC-4515-AE8A-04242876AE34}.Debug|x86.Build.0 = Debug|Any CPU
		{50DCF787-70AC-4515-AE8A-04242876AE34}.Release|Any CPU.ActiveCfg = Release|Any CPU
		{50DCF787-70AC-4515-AE8A-04242876AE34}.Release|Any CPU.Build.0 = Release|Any CPU
		{50DCF787-70AC-4515-AE8A-04242876AE34}.Release|x64.ActiveCfg = Release|Any CPU
		{50DCF787-70AC-4515-AE8A-04242876AE34}.Release|x64.Build.0 = Release|Any CPU
		{50DCF787-70AC-4515-AE8A-04242876AE34}.Release|x86.ActiveCfg = Release|Any CPU
		{50DCF787-70AC-4515-AE8A-04242876AE34}.Release|x86.Build.0 = Release|Any CPU
		{B1832F3B-B980-420D-967E-F4383E047F48}.Debug|Any CPU.ActiveCfg = Debug|Any CPU
		{B1832F3B-B980-420D-967E-F4383E047F48}.Debug|Any CPU.Build.0 = Debug|Any CPU
		{B1832F3B-B980-420D-967E-F4383E047F48}.Debug|x64.ActiveCfg = Debug|Any CPU
		{B1832F3B-B980-420D-967E-F4383E047F48}.Debug|x64.Build.0 = Debug|Any CPU
		{B1832F3B-B980-420D-967E-F4383E047F48}.Debug|x86.ActiveCfg = Debug|Any CPU
		{B1832F3B-B980-420D-967E-F4383E047F48}.Debug|x86.Build.0 = Debug|Any CPU
		{B1832F3B-B980-420D-967E-F4383E047F48}.Release|Any CPU.ActiveCfg = Release|Any CPU
		{B1832F3B-B980-420D-967E-F4383E047F48}.Release|Any CPU.Build.0 = Release|Any CPU
		{B1832F3B-B980-420D-967E-F4383E047F48}.Release|x64.ActiveCfg = Release|Any CPU
		{B1832F3B-B980-420D-967E-F4383E047F48}.Release|x64.Build.0 = Release|Any CPU
		{B1832F3B-B980-420D-967E-F4383E047F48}.Release|x86.ActiveCfg = Release|Any CPU
		{B1832F3B-B980-420D-967E-F4383E047F48}.Release|x86.Build.0 = Release|Any CPU
		{FC6C9534-B8E4-43A8-AAD5-D2F2A787C6F4}.Debug|Any CPU.ActiveCfg = Debug|Any CPU
		{FC6C9534-B8E4-43A8-AAD5-D2F2A787C6F4}.Debug|Any CPU.Build.0 = Debug|Any CPU
		{FC6C9534-B8E4-43A8-AAD5-D2F2A787C6F4}.Debug|x64.ActiveCfg = Debug|Any CPU
		{FC6C9534-B8E4-43A8-AAD5-D2F2A787C6F4}.Debug|x64.Build.0 = Debug|Any CPU
		{FC6C9534-B8E4-43A8-AAD5-D2F2A787C6F4}.Debug|x86.ActiveCfg = Debug|Any CPU
		{FC6C9534-B8E4-43A8-AAD5-D2F2A787C6F4}.Debug|x86.Build.0 = Debug|Any CPU
		{FC6C9534-B8E4-43A8-AAD5-D2F2A787C6F4}.Release|Any CPU.ActiveCfg = Release|Any CPU
		{FC6C9534-B8E4-43A8-AAD5-D2F2A787C6F4}.Release|Any CPU.Build.0 = Release|Any CPU
		{FC6C9534-B8E4-43A8-AAD5-D2F2A787C6F4}.Release|x64.ActiveCfg = Release|Any CPU
		{FC6C9534-B8E4-43A8-AAD5-D2F2A787C6F4}.Release|x64.Build.0 = Release|Any CPU
		{FC6C9534-B8E4-43A8-AAD5-D2F2A787C6F4}.Release|x86.ActiveCfg = Release|Any CPU
		{FC6C9534-B8E4-43A8-AAD5-D2F2A787C6F4}.Release|x86.Build.0 = Release|Any CPU
		{FF611DB1-B433-4F7C-A65D-92A5DAA1FC6D}.Debug|Any CPU.ActiveCfg = Debug|Any CPU
		{FF611DB1-B433-4F7C-A65D-92A5DAA1FC6D}.Debug|Any CPU.Build.0 = Debug|Any CPU
		{FF611DB1-B433-4F7C-A65D-92A5DAA1FC6D}.Debug|x64.ActiveCfg = Debug|Any CPU
		{FF611DB1-B433-4F7C-A65D-92A5DAA1FC6D}.Debug|x64.Build.0 = Debug|Any CPU
		{FF611DB1-B433-4F7C-A65D-92A5DAA1FC6D}.Debug|x86.ActiveCfg = Debug|Any CPU
		{FF611DB1-B433-4F7C-A65D-92A5DAA1FC6D}.Debug|x86.Build.0 = Debug|Any CPU
		{FF611DB1-B433-4F7C-A65D-92A5DAA1FC6D}.Release|Any CPU.ActiveCfg = Release|Any CPU
		{FF611DB1-B433-4F7C-A65D-92A5DAA1FC6D}.Release|Any CPU.Build.0 = Release|Any CPU
		{FF611DB1-B433-4F7C-A65D-92A5DAA1FC6D}.Release|x64.ActiveCfg = Release|Any CPU
		{FF611DB1-B433-4F7C-A65D-92A5DAA1FC6D}.Release|x64.Build.0 = Release|Any CPU
		{FF611DB1-B433-4F7C-A65D-92A5DAA1FC6D}.Release|x86.ActiveCfg = Release|Any CPU
		{FF611DB1-B433-4F7C-A65D-92A5DAA1FC6D}.Release|x86.Build.0 = Release|Any CPU
		{0344D44F-9786-4228-BB23-76B983667BC3}.Debug|Any CPU.ActiveCfg = Debug|Any CPU
		{0344D44F-9786-4228-BB23-76B983667BC3}.Debug|Any CPU.Build.0 = Debug|Any CPU
		{0344D44F-9786-4228-BB23-76B983667BC3}.Debug|x64.ActiveCfg = Debug|Any CPU
		{0344D44F-9786-4228-BB23-76B983667BC3}.Debug|x64.Build.0 = Debug|Any CPU
		{0344D44F-9786-4228-BB23-76B983667BC3}.Debug|x86.ActiveCfg = Debug|Any CPU
		{0344D44F-9786-4228-BB23-76B983667BC3}.Debug|x86.Build.0 = Debug|Any CPU
		{0344D44F-9786-4228-BB23-76B983667BC3}.Release|Any CPU.ActiveCfg = Release|Any CPU
		{0344D44F-9786-4228-BB23-76B983667BC3}.Release|Any CPU.Build.0 = Release|Any CPU
		{0344D44F-9786-4228-BB23-76B983667BC3}.Release|x64.ActiveCfg = Release|Any CPU
		{0344D44F-9786-4228-BB23-76B983667BC3}.Release|x64.Build.0 = Release|Any CPU
		{0344D44F-9786-4228-BB23-76B983667BC3}.Release|x86.ActiveCfg = Release|Any CPU
		{0344D44F-9786-4228-BB23-76B983667BC3}.Release|x86.Build.0 = Release|Any CPU
		{68C07918-F5A7-416A-826D-8D4EDC8CEA11}.Debug|Any CPU.ActiveCfg = Debug|Any CPU
		{68C07918-F5A7-416A-826D-8D4EDC8CEA11}.Debug|Any CPU.Build.0 = Debug|Any CPU
		{68C07918-F5A7-416A-826D-8D4EDC8CEA11}.Debug|x64.ActiveCfg = Debug|Any CPU
		{68C07918-F5A7-416A-826D-8D4EDC8CEA11}.Debug|x64.Build.0 = Debug|Any CPU
		{68C07918-F5A7-416A-826D-8D4EDC8CEA11}.Debug|x86.ActiveCfg = Debug|Any CPU
		{68C07918-F5A7-416A-826D-8D4EDC8CEA11}.Debug|x86.Build.0 = Debug|Any CPU
		{68C07918-F5A7-416A-826D-8D4EDC8CEA11}.Release|Any CPU.ActiveCfg = Release|Any CPU
		{68C07918-F5A7-416A-826D-8D4EDC8CEA11}.Release|Any CPU.Build.0 = Release|Any CPU
		{68C07918-F5A7-416A-826D-8D4EDC8CEA11}.Release|x64.ActiveCfg = Release|Any CPU
		{68C07918-F5A7-416A-826D-8D4EDC8CEA11}.Release|x64.Build.0 = Release|Any CPU
		{68C07918-F5A7-416A-826D-8D4EDC8CEA11}.Release|x86.ActiveCfg = Release|Any CPU
		{68C07918-F5A7-416A-826D-8D4EDC8CEA11}.Release|x86.Build.0 = Release|Any CPU
		{5DE87284-BE55-4277-A018-CB24316D8E82}.Debug|Any CPU.ActiveCfg = Debug|Any CPU
		{5DE87284-BE55-4277-A018-CB24316D8E82}.Debug|Any CPU.Build.0 = Debug|Any CPU
		{5DE87284-BE55-4277-A018-CB24316D8E82}.Debug|x64.ActiveCfg = Debug|Any CPU
		{5DE87284-BE55-4277-A018-CB24316D8E82}.Debug|x64.Build.0 = Debug|Any CPU
		{5DE87284-BE55-4277-A018-CB24316D8E82}.Debug|x86.ActiveCfg = Debug|Any CPU
		{5DE87284-BE55-4277-A018-CB24316D8E82}.Debug|x86.Build.0 = Debug|Any CPU
		{5DE87284-BE55-4277-A018-CB24316D8E82}.Release|Any CPU.ActiveCfg = Release|Any CPU
		{5DE87284-BE55-4277-A018-CB24316D8E82}.Release|Any CPU.Build.0 = Release|Any CPU
		{5DE87284-BE55-4277-A018-CB24316D8E82}.Release|x64.ActiveCfg = Release|Any CPU
		{5DE87284-BE55-4277-A018-CB24316D8E82}.Release|x64.Build.0 = Release|Any CPU
		{5DE87284-BE55-4277-A018-CB24316D8E82}.Release|x86.ActiveCfg = Release|Any CPU
		{5DE87284-BE55-4277-A018-CB24316D8E82}.Release|x86.Build.0 = Release|Any CPU
		{C8797F4D-6977-4D4C-9412-32C30337C13C}.Debug|Any CPU.ActiveCfg = Debug|Any CPU
		{C8797F4D-6977-4D4C-9412-32C30337C13C}.Debug|Any CPU.Build.0 = Debug|Any CPU
		{C8797F4D-6977-4D4C-9412-32C30337C13C}.Debug|x64.ActiveCfg = Debug|Any CPU
		{C8797F4D-6977-4D4C-9412-32C30337C13C}.Debug|x64.Build.0 = Debug|Any CPU
		{C8797F4D-6977-4D4C-9412-32C30337C13C}.Debug|x86.ActiveCfg = Debug|Any CPU
		{C8797F4D-6977-4D4C-9412-32C30337C13C}.Debug|x86.Build.0 = Debug|Any CPU
		{C8797F4D-6977-4D4C-9412-32C30337C13C}.Release|Any CPU.ActiveCfg = Release|Any CPU
		{C8797F4D-6977-4D4C-9412-32C30337C13C}.Release|Any CPU.Build.0 = Release|Any CPU
		{C8797F4D-6977-4D4C-9412-32C30337C13C}.Release|x64.ActiveCfg = Release|Any CPU
		{C8797F4D-6977-4D4C-9412-32C30337C13C}.Release|x64.Build.0 = Release|Any CPU
		{C8797F4D-6977-4D4C-9412-32C30337C13C}.Release|x86.ActiveCfg = Release|Any CPU
		{C8797F4D-6977-4D4C-9412-32C30337C13C}.Release|x86.Build.0 = Release|Any CPU
		{659DA538-837E-4BAF-97E5-445ECD90005A}.Debug|Any CPU.ActiveCfg = Debug|Any CPU
		{659DA538-837E-4BAF-97E5-445ECD90005A}.Debug|Any CPU.Build.0 = Debug|Any CPU
		{659DA538-837E-4BAF-97E5-445ECD90005A}.Debug|x64.ActiveCfg = Debug|Any CPU
		{659DA538-837E-4BAF-97E5-445ECD90005A}.Debug|x64.Build.0 = Debug|Any CPU
		{659DA538-837E-4BAF-97E5-445ECD90005A}.Debug|x86.ActiveCfg = Debug|Any CPU
		{659DA538-837E-4BAF-97E5-445ECD90005A}.Debug|x86.Build.0 = Debug|Any CPU
		{659DA538-837E-4BAF-97E5-445ECD90005A}.Release|Any CPU.ActiveCfg = Release|Any CPU
		{659DA538-837E-4BAF-97E5-445ECD90005A}.Release|Any CPU.Build.0 = Release|Any CPU
		{659DA538-837E-4BAF-97E5-445ECD90005A}.Release|x64.ActiveCfg = Release|Any CPU
		{659DA538-837E-4BAF-97E5-445ECD90005A}.Release|x64.Build.0 = Release|Any CPU
		{659DA538-837E-4BAF-97E5-445ECD90005A}.Release|x86.ActiveCfg = Release|Any CPU
		{659DA538-837E-4BAF-97E5-445ECD90005A}.Release|x86.Build.0 = Release|Any CPU
		{FAFA272F-B40F-4D58-B748-E3F493A8965F}.Debug|Any CPU.ActiveCfg = Debug|Any CPU
		{FAFA272F-B40F-4D58-B748-E3F493A8965F}.Debug|Any CPU.Build.0 = Debug|Any CPU
		{FAFA272F-B40F-4D58-B748-E3F493A8965F}.Debug|x64.ActiveCfg = Debug|Any CPU
		{FAFA272F-B40F-4D58-B748-E3F493A8965F}.Debug|x64.Build.0 = Debug|Any CPU
		{FAFA272F-B40F-4D58-B748-E3F493A8965F}.Debug|x86.ActiveCfg = Debug|Any CPU
		{FAFA272F-B40F-4D58-B748-E3F493A8965F}.Debug|x86.Build.0 = Debug|Any CPU
		{FAFA272F-B40F-4D58-B748-E3F493A8965F}.Release|Any CPU.ActiveCfg = Release|Any CPU
		{FAFA272F-B40F-4D58-B748-E3F493A8965F}.Release|Any CPU.Build.0 = Release|Any CPU
		{FAFA272F-B40F-4D58-B748-E3F493A8965F}.Release|x64.ActiveCfg = Release|Any CPU
		{FAFA272F-B40F-4D58-B748-E3F493A8965F}.Release|x64.Build.0 = Release|Any CPU
		{FAFA272F-B40F-4D58-B748-E3F493A8965F}.Release|x86.ActiveCfg = Release|Any CPU
		{FAFA272F-B40F-4D58-B748-E3F493A8965F}.Release|x86.Build.0 = Release|Any CPU
		{440B2D17-BA17-4FDF-8A6B-55452AFC1B04}.Debug|Any CPU.ActiveCfg = Debug|Any CPU
		{440B2D17-BA17-4FDF-8A6B-55452AFC1B04}.Debug|Any CPU.Build.0 = Debug|Any CPU
		{440B2D17-BA17-4FDF-8A6B-55452AFC1B04}.Debug|x64.ActiveCfg = Debug|Any CPU
		{440B2D17-BA17-4FDF-8A6B-55452AFC1B04}.Debug|x64.Build.0 = Debug|Any CPU
		{440B2D17-BA17-4FDF-8A6B-55452AFC1B04}.Debug|x86.ActiveCfg = Debug|Any CPU
		{440B2D17-BA17-4FDF-8A6B-55452AFC1B04}.Debug|x86.Build.0 = Debug|Any CPU
		{440B2D17-BA17-4FDF-8A6B-55452AFC1B04}.Release|Any CPU.ActiveCfg = Release|Any CPU
		{440B2D17-BA17-4FDF-8A6B-55452AFC1B04}.Release|Any CPU.Build.0 = Release|Any CPU
		{440B2D17-BA17-4FDF-8A6B-55452AFC1B04}.Release|x64.ActiveCfg = Release|Any CPU
		{440B2D17-BA17-4FDF-8A6B-55452AFC1B04}.Release|x64.Build.0 = Release|Any CPU
		{440B2D17-BA17-4FDF-8A6B-55452AFC1B04}.Release|x86.ActiveCfg = Release|Any CPU
		{440B2D17-BA17-4FDF-8A6B-55452AFC1B04}.Release|x86.Build.0 = Release|Any CPU
		{DBD975EE-0634-4ABF-A547-FB5C8D5DFFCC}.Debug|Any CPU.ActiveCfg = Debug|Any CPU
		{DBD975EE-0634-4ABF-A547-FB5C8D5DFFCC}.Debug|Any CPU.Build.0 = Debug|Any CPU
		{DBD975EE-0634-4ABF-A547-FB5C8D5DFFCC}.Debug|x64.ActiveCfg = Debug|Any CPU
		{DBD975EE-0634-4ABF-A547-FB5C8D5DFFCC}.Debug|x64.Build.0 = Debug|Any CPU
		{DBD975EE-0634-4ABF-A547-FB5C8D5DFFCC}.Debug|x86.ActiveCfg = Debug|Any CPU
		{DBD975EE-0634-4ABF-A547-FB5C8D5DFFCC}.Debug|x86.Build.0 = Debug|Any CPU
		{DBD975EE-0634-4ABF-A547-FB5C8D5DFFCC}.Release|Any CPU.ActiveCfg = Release|Any CPU
		{DBD975EE-0634-4ABF-A547-FB5C8D5DFFCC}.Release|Any CPU.Build.0 = Release|Any CPU
		{DBD975EE-0634-4ABF-A547-FB5C8D5DFFCC}.Release|x64.ActiveCfg = Release|Any CPU
		{DBD975EE-0634-4ABF-A547-FB5C8D5DFFCC}.Release|x64.Build.0 = Release|Any CPU
		{DBD975EE-0634-4ABF-A547-FB5C8D5DFFCC}.Release|x86.ActiveCfg = Release|Any CPU
		{DBD975EE-0634-4ABF-A547-FB5C8D5DFFCC}.Release|x86.Build.0 = Release|Any CPU
	EndGlobalSection
	GlobalSection(SolutionProperties) = preSolution
		HideSolutionNode = FALSE
	EndGlobalSection
	GlobalSection(NestedProjects) = preSolution
		{984BB9B3-3FA3-BE33-9484-CAC21695A33C} = {827E0CD3-B72D-47B6-A68D-7590B98EB39B}
		{02EA681E-C7D8-13C7-8484-4AC65E1B71E8} = {984BB9B3-3FA3-BE33-9484-CAC21695A33C}
		{11B987C2-AFAA-4760-B518-02E1693D3FD6} = {02EA681E-C7D8-13C7-8484-4AC65E1B71E8}
		{4258857E-0824-4321-A09D-72A7C9C6170C} = {02EA681E-C7D8-13C7-8484-4AC65E1B71E8}
		{50DCF787-70AC-4515-AE8A-04242876AE34} = {02EA681E-C7D8-13C7-8484-4AC65E1B71E8}
		{B1832F3B-B980-420D-967E-F4383E047F48} = {02EA681E-C7D8-13C7-8484-4AC65E1B71E8}
		{FC6C9534-B8E4-43A8-AAD5-D2F2A787C6F4} = {984BB9B3-3FA3-BE33-9484-CAC21695A33C}
		{FF611DB1-B433-4F7C-A65D-92A5DAA1FC6D} = {984BB9B3-3FA3-BE33-9484-CAC21695A33C}
		{906E00A1-DDF2-2370-CD53-C1A5D13FAEB1} = {984BB9B3-3FA3-BE33-9484-CAC21695A33C}
		{0344D44F-9786-4228-BB23-76B983667BC3} = {906E00A1-DDF2-2370-CD53-C1A5D13FAEB1}
		{68C07918-F5A7-416A-826D-8D4EDC8CEA11} = {906E00A1-DDF2-2370-CD53-C1A5D13FAEB1}
		{5DE87284-BE55-4277-A018-CB24316D8E82} = {906E00A1-DDF2-2370-CD53-C1A5D13FAEB1}
		{C8797F4D-6977-4D4C-9412-32C30337C13C} = {906E00A1-DDF2-2370-CD53-C1A5D13FAEB1}
		{512EC3C5-82AC-CC8D-998D-44C5F87FFE53} = {984BB9B3-3FA3-BE33-9484-CAC21695A33C}
		{659DA538-837E-4BAF-97E5-445ECD90005A} = {512EC3C5-82AC-CC8D-998D-44C5F87FFE53}
		{FAFA272F-B40F-4D58-B748-E3F493A8965F} = {512EC3C5-82AC-CC8D-998D-44C5F87FFE53}
		{440B2D17-BA17-4FDF-8A6B-55452AFC1B04} = {512EC3C5-82AC-CC8D-998D-44C5F87FFE53}
		{DBD975EE-0634-4ABF-A547-FB5C8D5DFFCC} = {512EC3C5-82AC-CC8D-998D-44C5F87FFE53}
	EndGlobalSection
	GlobalSection(ExtensibilityGlobals) = postSolution
		SolutionGuid = {F91EBBAF-736C-4CF1-A338-D982319D4EA5}
	EndGlobalSection
EndGlobal
